{
  "name": "examples",
  "version": "1.0.0",
  "lockfileVersion": 2,
  "requires": true,
  "packages": {
    "": {
      "version": "1.0.0",
      "license": "ISC",
      "dependencies": {
        "lambdaware": "^0.1.0"
      }
    },
    "node_modules/lambdaware": {
      "version": "0.1.0",
      "resolved": "https://registry.npmjs.org/lambdaware/-/lambdaware-0.1.0.tgz",
      "integrity": "sha512-fx2IHTLbNmnkPknmQsmC75MWmDI6szZeJNK8WWMuQi3jpaWt72Ff+kf419cbQxb3u4Ret2wZKqkqAc9CrZd8jg=="
    }
  },
  "dependencies": {
    "lambdaware": {
      "version": "0.1.0",
      "resolved": "https://registry.npmjs.org/lambdaware/-/lambdaware-0.1.0.tgz",
      "integrity": "sha512-fx2IHTLbNmnkPknmQsmC75MWmDI6szZeJNK8WWMuQi3jpaWt72Ff+kf419cbQxb3u4Ret2wZKqkqAc9CrZd8jg=="
    }
  }
}
